hash: ef00b2339c7dce3dabeb96200a7bfda9873f22893686048fda6263ae8250e031
updated: 2018-05-03T16:41:44.570424446-07:00
imports:
- name: github.com/appscode/go
  version: 230e0e4622c682b5d117db8c28a66404ed874ed5
  subpackages:
  - analytics
  - homedir
  - log/golog
  - runtime
  - version
  - wait
- name: github.com/appscode/jsonpatch
  version: 58a38a46ddb591a543c6b1003213353e29331c5a
- name: github.com/appscode/kutil
  version: 315e8967219ed1ab9d0acd6e0268e9b2fe60f742
  subpackages:
  - meta
  - tools/analytics
- name: github.com/cpuguy83/go-md2man
  version: 71acacd42f85e5e82f70a55327789582a5200a90
  subpackages:
  - md2man
- name: github.com/davecgh/go-spew
  version: 04cdfd42973bb9c8589fd6a731800cf222fde1a9
  subpackages:
  - spew
- name: github.com/digitalocean/godo
  version: 7a32b5ce17203924a21366d5031032fd326d5051
  subpackages:
  - context
- name: github.com/evanphx/json-patch
  version: 944e07253867aacae43c04b2e6a239005443f33a
- name: github.com/ghodss/yaml
  version: 73d445a93680fa1a78ae23a5839bad48f32ba1ee
- name: github.com/gogo/protobuf
  version: c0656edd0d9eab7c66d1eb0c568f9039345796f7
  subpackages:
  - proto
  - sortkeys
- name: github.com/golang/glog
  version: 44145f04b68cf362d9c4df2182967c2275eaefed
- name: github.com/golang/groupcache
  version: 02826c3e79038b59d737d3b1c0a1d937f71a4433
  subpackages:
  - lru
- name: github.com/golang/protobuf
  version: 1643683e1b54a9e88ad26d98f81400c8c9d9f4f9
  subpackages:
  - proto
  - ptypes
  - ptypes/any
  - ptypes/duration
  - ptypes/timestamp
- name: github.com/google/go-cmp
  version: 5411ab924f9ffa6566244a9e504bc347edacffd3
  subpackages:
  - cmp
  - cmp/internal/diff
  - cmp/internal/function
  - cmp/internal/value
- name: github.com/google/go-querystring
  version: 53e6ce116135b80d037921a7fdd5138cf32d7a8a
  subpackages:
  - query
- name: github.com/google/gofuzz
  version: 44d81051d367757e1c7c6a5a86423ece9afcf63c
- name: github.com/google/uuid
  version: 8c31c18f31ede9fc8eae72290a7e7a8064e9b3e3
- name: github.com/googleapis/gnostic
  version: 0c5108395e2debce0d731cf0287ddf7242066aba
  subpackages:
  - OpenAPIv2
  - compiler
  - extensions
- name: github.com/hashicorp/golang-lru
  version: a0d98a5f288019575c6d1f4bb1573fef2d1fcdc4
  subpackages:
  - simplelru
- name: github.com/howeyc/gopass
  version: bf9dde6d0d2c004a008c27aaee91170c786f6db8
- name: github.com/imdario/mergo
  version: 6633656539c1639d9d78127b7d47c622b5d7b6dc
- name: github.com/inconshreveable/mousetrap
  version: 76626ae9c91c4f2a10f34cad8ce83ea42c93bb75
- name: github.com/jpillora/go-ogle-analytics
  version: 14b04e0594ef6a9fd943363b135656f0ec8c9d0e
- name: github.com/json-iterator/go
  version: 13f86432b882000a51c6e610c620974462691a97
- name: github.com/kubernetes-incubator/external-storage
  version: c88333ca785ad0a8872533c7c8430ab0779fc98c
  repo: https://github.com/pharmer/external-storage.git
  vcs: git
  subpackages:
  - digitalocean/pkg/volume
  - lib/controller
  - lib/leaderelection
  - lib/leaderelection/resourcelock
  - lib/util
- name: github.com/packethost/packngo
  version: 80f62d78849dba04e42d8812329ee00558e37c5b
- name: github.com/pborman/uuid
  version: ca53cad383cad2479bbba7f7a1a05797ec1386e4
- name: github.com/russross/blackfriday
  version: 300106c228d52c8941d4b3de6054a6062a86dda3
- name: github.com/sergi/go-diff
  version: 97b2266dfe4bd4ea1b81a463322f04f8b724801e
  subpackages:
  - diffmatchpatch
- name: github.com/shurcooL/sanitized_anchor_name
  version: 10ef21a441db47d8b13ebcc5fd2310f636973c77
- name: github.com/sirupsen/logrus
  version: 89742aefa4b206dcf400792f3bd35b542998eb3b
- name: github.com/spf13/cobra
  version: ef82de70bb3f60c65fb8eebacbb2d122ef517385
  subpackages:
  - doc
- name: github.com/spf13/pflag
  version: 053854db78bf52e52733c395a5315647ad1e110e
  repo: https://github.com/appscode/pflag.git
  vcs: git
- name: github.com/taoh/linodego
  version: d85493a2eaad404c21b1582ce1dc75e745a4ead5
  repo: https://github.com/appscode/linodego.git
  vcs: git
- name: github.com/tent/http-link-go
  version: ac974c61c2f990f4115b119354b5e0b47550e888
- name: github.com/yudai/gojsondiff
  version: 7b1b7adf999dab73a6eb02669c3d82dbb27a3dd6
  subpackages:
  - formatter
- name: github.com/yudai/golcs
  version: d1c525dea8ce39ea9a783d33cf08932305373f2c
- name: golang.org/x/crypto
  version: 81e90905daefcd6fd217b62423c0908922eadb30
  subpackages:
  - ssh/terminal
- name: golang.org/x/net
  version: 1c05540f6879653db88113bc4a2b70aec4bd491f
  subpackages:
  - context
  - context/ctxhttp
  - http2
  - http2/hpack
  - idna
  - lex/httplex
- name: golang.org/x/oauth2
  version: a6bd8cefa1811bd24b86f8902872e4e8225f74c4
  subpackages:
  - google
  - internal
  - jws
  - jwt
- name: golang.org/x/sys
  version: a2e06a18b0d52d8cb2010e04b372a1965d8e3439
  subpackages:
  - unix
  - windows
- name: golang.org/x/text
  version: b19bf474d317b857955b12035d2c5acb57ce8b01
  subpackages:
  - secure/bidirule
  - transform
  - unicode/bidi
  - unicode/norm
- name: golang.org/x/time
  version: f51c12702a4d776e4c1fa9b0fabab841babae631
  subpackages:
  - rate
- name: google.golang.org/appengine
  version: 12d5545dc1cfa6047a286d5e853841b6471f4c19
  subpackages:
  - internal
  - internal/base
  - internal/datastore
  - internal/log
  - internal/remote_api
  - internal/urlfetch
  - urlfetch
- name: gopkg.in/inf.v0
  version: 3887ee99ecf07df5b447e9b00d9c0b2adaa9f3e4
- name: gopkg.in/yaml.v2
  version: 670d4cfef0544295bc27a114dbac37980d83185a
- name: k8s.io/api
  version: 73d903622b7391f3312dcbac6483fed484e185f8
  subpackages:
  - admissionregistration/v1alpha1
  - admissionregistration/v1beta1
  - apps/v1
  - apps/v1beta1
  - apps/v1beta2
  - authentication/v1
  - authentication/v1beta1
  - authorization/v1
  - authorization/v1beta1
  - autoscaling/v1
  - autoscaling/v2beta1
  - batch/v1
  - batch/v1beta1
  - batch/v2alpha1
  - certificates/v1beta1
  - core/v1
  - events/v1beta1
  - extensions/v1beta1
  - networking/v1
  - policy/v1beta1
  - rbac/v1
  - rbac/v1alpha1
  - rbac/v1beta1
  - scheduling/v1alpha1
  - settings/v1alpha1
  - storage/v1
  - storage/v1alpha1
  - storage/v1beta1
- name: k8s.io/apiextensions-apiserver
  version: 750feebe2038bad00fdf68ba37c31f62c4f1f891
- name: k8s.io/apimachinery
  version: 302974c03f7e50f16561ba237db776ab93594ef6
  subpackages:
  - pkg/api/errors
  - pkg/api/meta
  - pkg/api/resource
  - pkg/apis/meta/internalversion
  - pkg/apis/meta/v1
  - pkg/apis/meta/v1/unstructured
  - pkg/apis/meta/v1beta1
  - pkg/conversion
  - pkg/conversion/queryparams
  - pkg/fields
  - pkg/labels
  - pkg/runtime
  - pkg/runtime/schema
  - pkg/runtime/serializer
  - pkg/runtime/serializer/json
  - pkg/runtime/serializer/protobuf
  - pkg/runtime/serializer/recognizer
  - pkg/runtime/serializer/streaming
  - pkg/runtime/serializer/versioning
  - pkg/selection
  - pkg/types
  - pkg/util/cache
  - pkg/util/clock
  - pkg/util/diff
  - pkg/util/errors
  - pkg/util/framer
  - pkg/util/intstr
  - pkg/util/json
  - pkg/util/mergepatch
  - pkg/util/net
  - pkg/util/runtime
  - pkg/util/sets
  - pkg/util/strategicpatch
  - pkg/util/uuid
  - pkg/util/validation
  - pkg/util/validation/field
  - pkg/util/wait
  - pkg/util/yaml
  - pkg/version
  - pkg/watch
  - third_party/forked/golang/json
  - third_party/forked/golang/reflect
- name: k8s.io/apiserver
  version: 5ae41ac86efd753e2ba012f097b83a914b268236
- name: k8s.io/client-go
  version: 23781f4d6632d88e869066eaebb743857aa1ef9b
  subpackages:
  - discovery
  - kubernetes
  - kubernetes/scheme
  - kubernetes/typed/admissionregistration/v1alpha1
  - kubernetes/typed/admissionregistration/v1beta1
  - kubernetes/typed/apps/v1
  - kubernetes/typed/apps/v1beta1
  - kubernetes/typed/apps/v1beta2
  - kubernetes/typed/authentication/v1
  - kubernetes/typed/authentication/v1beta1
  - kubernetes/typed/authorization/v1
  - kubernetes/typed/authorization/v1beta1
  - kubernetes/typed/autoscaling/v1
  - kubernetes/typed/autoscaling/v2beta1
  - kubernetes/typed/batch/v1
  - kubernetes/typed/batch/v1beta1
  - kubernetes/typed/batch/v2alpha1
  - kubernetes/typed/certificates/v1beta1
  - kubernetes/typed/core/v1
  - kubernetes/typed/events/v1beta1
  - kubernetes/typed/extensions/v1beta1
  - kubernetes/typed/networking/v1
  - kubernetes/typed/policy/v1beta1
  - kubernetes/typed/rbac/v1
  - kubernetes/typed/rbac/v1alpha1
  - kubernetes/typed/rbac/v1beta1
  - kubernetes/typed/scheduling/v1alpha1
  - kubernetes/typed/settings/v1alpha1
  - kubernetes/typed/storage/v1
  - kubernetes/typed/storage/v1alpha1
  - kubernetes/typed/storage/v1beta1
  - pkg/apis/clientauthentication
  - pkg/apis/clientauthentication/v1alpha1
  - pkg/version
  - plugin/pkg/client/auth/exec
  - rest
  - rest/watch
  - tools/auth
  - tools/cache
  - tools/clientcmd
  - tools/clientcmd/api
  - tools/clientcmd/api/latest
  - tools/clientcmd/api/v1
  - tools/metrics
  - tools/pager
  - tools/record
  - tools/reference
  - transport
  - util/buffer
  - util/cert
  - util/flowcontrol
  - util/homedir
  - util/integer
  - util/retry
- name: k8s.io/kube-openapi
  version: 50ae88d24ede7b8bad68e23c805b5d3da5c8abaf
  subpackages:
  - pkg/util/proto
- name: k8s.io/kubernetes
  version: fc32d2f3698e36b93322a3465f63a14e9f0eaead
  subpackages:
  - pkg/apis/core
  - pkg/apis/core/helper
  - pkg/apis/core/v1/helper
  - pkg/util/goroutinemap
  - pkg/util/goroutinemap/exponentialbackoff
  - pkg/util/version
testImports: []
